// !$*UTF8*$!
{
	archiveVersion = 1;
	classes = {
	};
	objectVersion = 55;
	objects = {

/* Begin PBXBuildFile section */
		3BB1CE587C7BB9FD34203E3F /* Pods_Not_Bored.framework in Frameworks */ = {isa = PBXBuildFile; fileRef = 839CAE8E82CCE7CC8DAEB2E2 /* Pods_Not_Bored.framework */; };
		662E6CAA28CBA7CF0060CFAF /* PaddingLabel.swift in Sources */ = {isa = PBXBuildFile; fileRef = 662E6CA928CBA7CF0060CFAF /* PaddingLabel.swift */; };
		663D34EF28C8AF8400933775 /* AppDelegate.swift in Sources */ = {isa = PBXBuildFile; fileRef = 663D34EE28C8AF8400933775 /* AppDelegate.swift */; };
		663D34F128C8AF8400933775 /* SceneDelegate.swift in Sources */ = {isa = PBXBuildFile; fileRef = 663D34F028C8AF8400933775 /* SceneDelegate.swift */; };
		663D34F328C8AF8400933775 /* ViewController.swift in Sources */ = {isa = PBXBuildFile; fileRef = 663D34F228C8AF8400933775 /* ViewController.swift */; };
		663D34F628C8AF8400933775 /* Main.storyboard in Resources */ = {isa = PBXBuildFile; fileRef = 663D34F428C8AF8400933775 /* Main.storyboard */; };
		663D34F828C8AF8500933775 /* Assets.xcassets in Resources */ = {isa = PBXBuildFile; fileRef = 663D34F728C8AF8500933775 /* Assets.xcassets */; };
		663D34FB28C8AF8500933775 /* LaunchScreen.storyboard in Resources */ = {isa = PBXBuildFile; fileRef = 663D34F928C8AF8500933775 /* LaunchScreen.storyboard */; };
		663D350B28C8B2F100933775 /* LoginViewController.swift in Sources */ = {isa = PBXBuildFile; fileRef = 663D350A28C8B2F100933775 /* LoginViewController.swift */; };
		66686B4328CA0AFC000C53BA /* TermsViewController.swift in Sources */ = {isa = PBXBuildFile; fileRef = 66686B4228CA0AFC000C53BA /* TermsViewController.swift */; };
		66686B4528CA0BDA000C53BA /* ActivitiesViewController.swift in Sources */ = {isa = PBXBuildFile; fileRef = 66686B4428CA0BDA000C53BA /* ActivitiesViewController.swift */; };
		66686B4728CA0BF9000C53BA /* SuggestionsViewController.swift in Sources */ = {isa = PBXBuildFile; fileRef = 66686B4628CA0BF9000C53BA /* SuggestionsViewController.swift */; };
		66686B4928CA101E000C53BA /* NotBoredTextField.swift in Sources */ = {isa = PBXBuildFile; fileRef = 66686B4828CA101E000C53BA /* NotBoredTextField.swift */; };
		79DE558E28CB68780052C819 /* UIColor+Extension.swift in Sources */ = {isa = PBXBuildFile; fileRef = 79DE558D28CB68780052C819 /* UIColor+Extension.swift */; };
		79DE559328CB6A320052C819 /* ActivityService.swift in Sources */ = {isa = PBXBuildFile; fileRef = 79DE559228CB6A320052C819 /* ActivityService.swift */; };
		79DE559528CB6A3E0052C819 /* ActivityViewModel.swift in Sources */ = {isa = PBXBuildFile; fileRef = 79DE559428CB6A3E0052C819 /* ActivityViewModel.swift */; };
		79DE559828CB6A790052C819 /* ActivityType.swift in Sources */ = {isa = PBXBuildFile; fileRef = 79DE559728CB6A790052C819 /* ActivityType.swift */; };
		79DE559B28CB6B3A0052C819 /* APIManager.swift in Sources */ = {isa = PBXBuildFile; fileRef = 79DE559A28CB6B3A0052C819 /* APIManager.swift */; };
		79DE559D28CB6B460052C819 /* RequestData.swift in Sources */ = {isa = PBXBuildFile; fileRef = 79DE559C28CB6B460052C819 /* RequestData.swift */; };
		79DE559F28CB6B5A0052C819 /* Request.swift in Sources */ = {isa = PBXBuildFile; fileRef = 79DE559E28CB6B5A0052C819 /* Request.swift */; };
		79DE55A328CB6B760052C819 /* Request+Activity.swift in Sources */ = {isa = PBXBuildFile; fileRef = 79DE55A228CB6B760052C819 /* Request+Activity.swift */; };
		79DE55A528CB6B830052C819 /* ActivityRepository.swift in Sources */ = {isa = PBXBuildFile; fileRef = 79DE55A428CB6B830052C819 /* ActivityRepository.swift */; };
		79DE55A728CB6CA90052C819 /* Activity.swift in Sources */ = {isa = PBXBuildFile; fileRef = 79DE55A628CB6CA90052C819 /* Activity.swift */; };
		79DE55AB28CB6DA30052C819 /* ActivityCell.swift in Sources */ = {isa = PBXBuildFile; fileRef = 79DE55AA28CB6DA30052C819 /* ActivityCell.swift */; };
		79DE55AE28CB888F0052C819 /* HomeTabBarController.swift in Sources */ = {isa = PBXBuildFile; fileRef = 79DE55AD28CB888F0052C819 /* HomeTabBarController.swift */; };
		79DE55B128CB88BC0052C819 /* BaseNavigationController.swift in Sources */ = {isa = PBXBuildFile; fileRef = 79DE55B028CB88BC0052C819 /* BaseNavigationController.swift */; };
/* End PBXBuildFile section */

/* Begin PBXFileReference section */
		4799085C4A821542991C5437 /* Pods-Not Bored.debug.xcconfig */ = {isa = PBXFileReference; includeInIndex = 1; lastKnownFileType = text.xcconfig; name = "Pods-Not Bored.debug.xcconfig"; path = "Target Support Files/Pods-Not Bored/Pods-Not Bored.debug.xcconfig"; sourceTree = "<group>"; };
		662E6CA928CBA7CF0060CFAF /* PaddingLabel.swift */ = {isa = PBXFileReference; lastKnownFileType = sourcecode.swift; path = PaddingLabel.swift; sourceTree = "<group>"; };
		663D34EB28C8AF8400933775 /* Not Bored.app */ = {isa = PBXFileReference; explicitFileType = wrapper.application; includeInIndex = 0; path = "Not Bored.app"; sourceTree = BUILT_PRODUCTS_DIR; };
		663D34EE28C8AF8400933775 /* AppDelegate.swift */ = {isa = PBXFileReference; lastKnownFileType = sourcecode.swift; path = AppDelegate.swift; sourceTree = "<group>"; };
		663D34F028C8AF8400933775 /* SceneDelegate.swift */ = {isa = PBXFileReference; lastKnownFileType = sourcecode.swift; path = SceneDelegate.swift; sourceTree = "<group>"; };
		663D34F228C8AF8400933775 /* ViewController.swift */ = {isa = PBXFileReference; lastKnownFileType = sourcecode.swift; path = ViewController.swift; sourceTree = "<group>"; };
		663D34F528C8AF8400933775 /* Base */ = {isa = PBXFileReference; lastKnownFileType = file.storyboard; name = Base; path = Base.lproj/Main.storyboard; sourceTree = "<group>"; };
		663D34F728C8AF8500933775 /* Assets.xcassets */ = {isa = PBXFileReference; lastKnownFileType = folder.assetcatalog; path = Assets.xcassets; sourceTree = "<group>"; };
		663D34FA28C8AF8500933775 /* Base */ = {isa = PBXFileReference; lastKnownFileType = file.storyboard; name = Base; path = Base.lproj/LaunchScreen.storyboard; sourceTree = "<group>"; };
		663D34FC28C8AF8500933775 /* Info.plist */ = {isa = PBXFileReference; lastKnownFileType = text.plist.xml; path = Info.plist; sourceTree = "<group>"; };
		663D350A28C8B2F100933775 /* LoginViewController.swift */ = {isa = PBXFileReference; lastKnownFileType = sourcecode.swift; path = LoginViewController.swift; sourceTree = "<group>"; };
		66686B4228CA0AFC000C53BA /* TermsViewController.swift */ = {isa = PBXFileReference; lastKnownFileType = sourcecode.swift; path = TermsViewController.swift; sourceTree = "<group>"; };
		66686B4428CA0BDA000C53BA /* ActivitiesViewController.swift */ = {isa = PBXFileReference; lastKnownFileType = sourcecode.swift; path = ActivitiesViewController.swift; sourceTree = "<group>"; };
		66686B4628CA0BF9000C53BA /* SuggestionsViewController.swift */ = {isa = PBXFileReference; lastKnownFileType = sourcecode.swift; path = SuggestionsViewController.swift; sourceTree = "<group>"; };
		66686B4828CA101E000C53BA /* NotBoredTextField.swift */ = {isa = PBXFileReference; lastKnownFileType = sourcecode.swift; path = NotBoredTextField.swift; sourceTree = "<group>"; };
		79DE558D28CB68780052C819 /* UIColor+Extension.swift */ = {isa = PBXFileReference; lastKnownFileType = sourcecode.swift; path = "UIColor+Extension.swift"; sourceTree = "<group>"; };
		79DE559228CB6A320052C819 /* ActivityService.swift */ = {isa = PBXFileReference; lastKnownFileType = sourcecode.swift; path = ActivityService.swift; sourceTree = "<group>"; };
		79DE559428CB6A3E0052C819 /* ActivityViewModel.swift */ = {isa = PBXFileReference; lastKnownFileType = sourcecode.swift; path = ActivityViewModel.swift; sourceTree = "<group>"; };
		79DE559728CB6A790052C819 /* ActivityType.swift */ = {isa = PBXFileReference; lastKnownFileType = sourcecode.swift; path = ActivityType.swift; sourceTree = "<group>"; };
		79DE559A28CB6B3A0052C819 /* APIManager.swift */ = {isa = PBXFileReference; lastKnownFileType = sourcecode.swift; path = APIManager.swift; sourceTree = "<group>"; };
		79DE559C28CB6B460052C819 /* RequestData.swift */ = {isa = PBXFileReference; lastKnownFileType = sourcecode.swift; path = RequestData.swift; sourceTree = "<group>"; };
		79DE559E28CB6B5A0052C819 /* Request.swift */ = {isa = PBXFileReference; lastKnownFileType = sourcecode.swift; path = Request.swift; sourceTree = "<group>"; };
		79DE55A228CB6B760052C819 /* Request+Activity.swift */ = {isa = PBXFileReference; lastKnownFileType = sourcecode.swift; path = "Request+Activity.swift"; sourceTree = "<group>"; };
		79DE55A428CB6B830052C819 /* ActivityRepository.swift */ = {isa = PBXFileReference; lastKnownFileType = sourcecode.swift; path = ActivityRepository.swift; sourceTree = "<group>"; };
		79DE55A628CB6CA90052C819 /* Activity.swift */ = {isa = PBXFileReference; lastKnownFileType = sourcecode.swift; path = Activity.swift; sourceTree = "<group>"; };
		79DE55AA28CB6DA30052C819 /* ActivityCell.swift */ = {isa = PBXFileReference; lastKnownFileType = sourcecode.swift; path = ActivityCell.swift; sourceTree = "<group>"; };
		79DE55AD28CB888F0052C819 /* HomeTabBarController.swift */ = {isa = PBXFileReference; lastKnownFileType = sourcecode.swift; path = HomeTabBarController.swift; sourceTree = "<group>"; };
		79DE55B028CB88BC0052C819 /* BaseNavigationController.swift */ = {isa = PBXFileReference; lastKnownFileType = sourcecode.swift; path = BaseNavigationController.swift; sourceTree = "<group>"; };
		839CAE8E82CCE7CC8DAEB2E2 /* Pods_Not_Bored.framework */ = {isa = PBXFileReference; explicitFileType = wrapper.framework; includeInIndex = 0; path = Pods_Not_Bored.framework; sourceTree = BUILT_PRODUCTS_DIR; };
		8AA7A49D1F40A6FD0A0CEF99 /* Pods-Not Bored.release.xcconfig */ = {isa = PBXFileReference; includeInIndex = 1; lastKnownFileType = text.xcconfig; name = "Pods-Not Bored.release.xcconfig"; path = "Target Support Files/Pods-Not Bored/Pods-Not Bored.release.xcconfig"; sourceTree = "<group>"; };
/* End PBXFileReference section */

/* Begin PBXFrameworksBuildPhase section */
		663D34E828C8AF8400933775 /* Frameworks */ = {
			isa = PBXFrameworksBuildPhase;
			buildActionMask = 2147483647;
			files = (
				3BB1CE587C7BB9FD34203E3F /* Pods_Not_Bored.framework in Frameworks */,
			);
			runOnlyForDeploymentPostprocessing = 0;
		};
/* End PBXFrameworksBuildPhase section */

/* Begin PBXGroup section */
		663D34E228C8AF8400933775 = {
			isa = PBXGroup;
			children = (
				663D34ED28C8AF8400933775 /* Not Bored */,
				663D34EC28C8AF8400933775 /* Products */,
				DFE8D1E31FB61F4675398ECE /* Pods */,
				EB38C5EA4E363E154FEE3331 /* Frameworks */,
			);
			sourceTree = "<group>";
		};
		663D34EC28C8AF8400933775 /* Products */ = {
			isa = PBXGroup;
			children = (
				663D34EB28C8AF8400933775 /* Not Bored.app */,
			);
			name = Products;
			sourceTree = "<group>";
		};
		663D34ED28C8AF8400933775 /* Not Bored */ = {
			isa = PBXGroup;
			children = (
				663D350228C8B08E00933775 /* App */,
				663D34EE28C8AF8400933775 /* AppDelegate.swift */,
				663D34F028C8AF8400933775 /* SceneDelegate.swift */,
				663D34F228C8AF8400933775 /* ViewController.swift */,
				663D34F428C8AF8400933775 /* Main.storyboard */,
				663D34F728C8AF8500933775 /* Assets.xcassets */,
				663D34F928C8AF8500933775 /* LaunchScreen.storyboard */,
				663D34FC28C8AF8500933775 /* Info.plist */,
			);
			path = "Not Bored";
			sourceTree = "<group>";
		};
		663D350228C8B08E00933775 /* App */ = {
			isa = PBXGroup;
			children = (
				663D350328C8B0E200933775 /* Shared */,
				663D350428C8B0E800933775 /* Modules */,
			);
			path = App;
			sourceTree = "<group>";
		};
		663D350328C8B0E200933775 /* Shared */ = {
			isa = PBXGroup;
			children = (
				79DE559928CB6AE50052C819 /* Networking */,
				79DE559628CB6A680052C819 /* Model */,
				79DE558C28CB68660052C819 /* Extension */,
				663D350528C8B10100933775 /* Components */,
			);
			path = Shared;
			sourceTree = "<group>";
		};
		663D350428C8B0E800933775 /* Modules */ = {
			isa = PBXGroup;
			children = (
				79DE55AC28CB88680052C819 /* Home TabBar */,
				663D350628C8B13F00933775 /* Login */,
				663D350728C8B15000933775 /* Terms */,
				663D350828C8B16100933775 /* Activities */,
				663D350928C8B18F00933775 /* Suggestions */,
			);
			path = Modules;
			sourceTree = "<group>";
		};
		663D350528C8B10100933775 /* Components */ = {
			isa = PBXGroup;
			children = (
				79DE55AF28CB88A90052C819 /* Base */,
				66686B4828CA101E000C53BA /* NotBoredTextField.swift */,
				662E6CA928CBA7CF0060CFAF /* PaddingLabel.swift */,
			);
			path = Components;
			sourceTree = "<group>";
		};
		663D350628C8B13F00933775 /* Login */ = {
			isa = PBXGroup;
			children = (
				665D0C5028C8FB5A0069F226 /* View */,
			);
			path = Login;
			sourceTree = "<group>";
		};
		663D350728C8B15000933775 /* Terms */ = {
			isa = PBXGroup;
			children = (
				66686B4228CA0AFC000C53BA /* TermsViewController.swift */,
			);
			path = Terms;
			sourceTree = "<group>";
		};
		663D350828C8B16100933775 /* Activities */ = {
			isa = PBXGroup;
			children = (
				79DE55A928CB6D840052C819 /* Cell */,
				79DE559128CB6A270052C819 /* Service */,
				79DE559028CB6A220052C819 /* ViewModel */,
				79DE558F28CB6A1E0052C819 /* View */,
			);
			path = Activities;
			sourceTree = "<group>";
		};
		663D350928C8B18F00933775 /* Suggestions */ = {
			isa = PBXGroup;
			children = (
				66686B4628CA0BF9000C53BA /* SuggestionsViewController.swift */,
			);
			path = Suggestions;
			sourceTree = "<group>";
		};
		665D0C5028C8FB5A0069F226 /* View */ = {
			isa = PBXGroup;
			children = (
				663D350A28C8B2F100933775 /* LoginViewController.swift */,
			);
			path = View;
			sourceTree = "<group>";
		};
		79DE558C28CB68660052C819 /* Extension */ = {
			isa = PBXGroup;
			children = (
				79DE558D28CB68780052C819 /* UIColor+Extension.swift */,
			);
			path = Extension;
			sourceTree = "<group>";
		};
		79DE558F28CB6A1E0052C819 /* View */ = {
			isa = PBXGroup;
			children = (
				66686B4428CA0BDA000C53BA /* ActivitiesViewController.swift */,
			);
			path = View;
			sourceTree = "<group>";
		};
		79DE559028CB6A220052C819 /* ViewModel */ = {
			isa = PBXGroup;
			children = (
				79DE559428CB6A3E0052C819 /* ActivityViewModel.swift */,
			);
			path = ViewModel;
			sourceTree = "<group>";
		};
		79DE559128CB6A270052C819 /* Service */ = {
			isa = PBXGroup;
			children = (
				79DE559228CB6A320052C819 /* ActivityService.swift */,
			);
			path = Service;
			sourceTree = "<group>";
		};
		79DE559628CB6A680052C819 /* Model */ = {
			isa = PBXGroup;
			children = (
				79DE559728CB6A790052C819 /* ActivityType.swift */,
				79DE55A628CB6CA90052C819 /* Activity.swift */,
			);
			path = Model;
			sourceTree = "<group>";
		};
		79DE559928CB6AE50052C819 /* Networking */ = {
			isa = PBXGroup;
			children = (
				79DE55A128CB6B620052C819 /* Request */,
				79DE55A028CB6B5D0052C819 /* Repository */,
				79DE559A28CB6B3A0052C819 /* APIManager.swift */,
				79DE559C28CB6B460052C819 /* RequestData.swift */,
				79DE559E28CB6B5A0052C819 /* Request.swift */,
			);
			path = Networking;
			sourceTree = "<group>";
		};
		79DE55A028CB6B5D0052C819 /* Repository */ = {
			isa = PBXGroup;
			children = (
				79DE55A428CB6B830052C819 /* ActivityRepository.swift */,
			);
			path = Repository;
			sourceTree = "<group>";
		};
		79DE55A128CB6B620052C819 /* Request */ = {
			isa = PBXGroup;
			children = (
				79DE55A228CB6B760052C819 /* Request+Activity.swift */,
			);
			path = Request;
			sourceTree = "<group>";
		};
		79DE55A928CB6D840052C819 /* Cell */ = {
			isa = PBXGroup;
			children = (
				79DE55AA28CB6DA30052C819 /* ActivityCell.swift */,
			);
			path = Cell;
			sourceTree = "<group>";
		};
		79DE55AC28CB88680052C819 /* Home TabBar */ = {
			isa = PBXGroup;
			children = (
				79DE55AD28CB888F0052C819 /* HomeTabBarController.swift */,
			);
			path = "Home TabBar";
			sourceTree = "<group>";
		};
		79DE55AF28CB88A90052C819 /* Base */ = {
			isa = PBXGroup;
			children = (
				79DE55B028CB88BC0052C819 /* BaseNavigationController.swift */,
			);
			path = Base;
			sourceTree = "<group>";
		};
		DFE8D1E31FB61F4675398ECE /* Pods */ = {
			isa = PBXGroup;
			children = (
				4799085C4A821542991C5437 /* Pods-Not Bored.debug.xcconfig */,
				8AA7A49D1F40A6FD0A0CEF99 /* Pods-Not Bored.release.xcconfig */,
			);
			path = Pods;
			sourceTree = "<group>";
		};
		EB38C5EA4E363E154FEE3331 /* Frameworks */ = {
			isa = PBXGroup;
			children = (
				839CAE8E82CCE7CC8DAEB2E2 /* Pods_Not_Bored.framework */,
			);
			name = Frameworks;
			sourceTree = "<group>";
		};
/* End PBXGroup section */

/* Begin PBXNativeTarget section */
		663D34EA28C8AF8400933775 /* Not Bored */ = {
			isa = PBXNativeTarget;
			buildConfigurationList = 663D34FF28C8AF8500933775 /* Build configuration list for PBXNativeTarget "Not Bored" */;
			buildPhases = (
				21B9308B7561BBA1AFF737FF /* [CP] Check Pods Manifest.lock */,
				663D34E728C8AF8400933775 /* Sources */,
				663D34E828C8AF8400933775 /* Frameworks */,
				663D34E928C8AF8400933775 /* Resources */,
				B35DFAE4E568339A5532AE20 /* [CP] Embed Pods Frameworks */,
			);
			buildRules = (
			);
			dependencies = (
			);
			name = "Not Bored";
			productName = "Not Bored";
			productReference = 663D34EB28C8AF8400933775 /* Not Bored.app */;
			productType = "com.apple.product-type.application";
		};
/* End PBXNativeTarget section */

/* Begin PBXProject section */
		663D34E328C8AF8400933775 /* Project object */ = {
			isa = PBXProject;
			attributes = {
				BuildIndependentTargetsInParallel = 1;
				LastSwiftUpdateCheck = 1340;
				LastUpgradeCheck = 1340;
				TargetAttributes = {
					663D34EA28C8AF8400933775 = {
						CreatedOnToolsVersion = 13.4.1;
					};
				};
			};
			buildConfigurationList = 663D34E628C8AF8400933775 /* Build configuration list for PBXProject "Not Bored" */;
			compatibilityVersion = "Xcode 13.0";
			developmentRegion = en;
			hasScannedForEncodings = 0;
			knownRegions = (
				en,
				Base,
			);
			mainGroup = 663D34E228C8AF8400933775;
			productRefGroup = 663D34EC28C8AF8400933775 /* Products */;
			projectDirPath = "";
			projectRoot = "";
			targets = (
				663D34EA28C8AF8400933775 /* Not Bored */,
			);
		};
/* End PBXProject section */

/* Begin PBXResourcesBuildPhase section */
		663D34E928C8AF8400933775 /* Resources */ = {
			isa = PBXResourcesBuildPhase;
			buildActionMask = 2147483647;
			files = (
				663D34FB28C8AF8500933775 /* LaunchScreen.storyboard in Resources */,
				663D34F828C8AF8500933775 /* Assets.xcassets in Resources */,
				663D34F628C8AF8400933775 /* Main.storyboard in Resources */,
			);
			runOnlyForDeploymentPostprocessing = 0;
		};
/* End PBXResourcesBuildPhase section */

/* Begin PBXShellScriptBuildPhase section */
		21B9308B7561BBA1AFF737FF /* [CP] Check Pods Manifest.lock */ = {
			isa = PBXShellScriptBuildPhase;
			buildActionMask = 2147483647;
			files = (
			);
			inputFileListPaths = (
			);
			inputPaths = (
				"${PODS_PODFILE_DIR_PATH}/Podfile.lock",
				"${PODS_ROOT}/Manifest.lock",
			);
			name = "[CP] Check Pods Manifest.lock";
			outputFileListPaths = (
			);
			outputPaths = (
				"$(DERIVED_FILE_DIR)/Pods-Not Bored-checkManifestLockResult.txt",
			);
			runOnlyForDeploymentPostprocessing = 0;
			shellPath = /bin/sh;
			shellScript = "diff \"${PODS_PODFILE_DIR_PATH}/Podfile.lock\" \"${PODS_ROOT}/Manifest.lock\" > /dev/null\nif [ $? != 0 ] ; then\n    # print error to STDERR\n    echo \"error: The sandbox is not in sync with the Podfile.lock. Run 'pod install' or update your CocoaPods installation.\" >&2\n    exit 1\nfi\n# This output is used by Xcode 'outputs' to avoid re-running this script phase.\necho \"SUCCESS\" > \"${SCRIPT_OUTPUT_FILE_0}\"\n";
			showEnvVarsInLog = 0;
		};
		B35DFAE4E568339A5532AE20 /* [CP] Embed Pods Frameworks */ = {
			isa = PBXShellScriptBuildPhase;
			buildActionMask = 2147483647;
			files = (
			);
			inputFileListPaths = (
				"${PODS_ROOT}/Target Support Files/Pods-Not Bored/Pods-Not Bored-frameworks-${CONFIGURATION}-input-files.xcfilelist",
			);
			name = "[CP] Embed Pods Frameworks";
			outputFileListPaths = (
				"${PODS_ROOT}/Target Support Files/Pods-Not Bored/Pods-Not Bored-frameworks-${CONFIGURATION}-output-files.xcfilelist",
			);
			runOnlyForDeploymentPostprocessing = 0;
			shellPath = /bin/sh;
			shellScript = "\"${PODS_ROOT}/Target Support Files/Pods-Not Bored/Pods-Not Bored-frameworks.sh\"\n";
			showEnvVarsInLog = 0;
		};
/* End PBXShellScriptBuildPhase section */

/* Begin PBXSourcesBuildPhase section */
		663D34E728C8AF8400933775 /* Sources */ = {
			isa = PBXSourcesBuildPhase;
			buildActionMask = 2147483647;
			files = (
				79DE559328CB6A320052C819 /* ActivityService.swift in Sources */,
				66686B4928CA101E000C53BA /* NotBoredTextField.swift in Sources */,
				79DE55A328CB6B760052C819 /* Request+Activity.swift in Sources */,
				66686B4528CA0BDA000C53BA /* ActivitiesViewController.swift in Sources */,
				66686B4328CA0AFC000C53BA /* TermsViewController.swift in Sources */,
				79DE559828CB6A790052C819 /* ActivityType.swift in Sources */,
				79DE55A728CB6CA90052C819 /* Activity.swift in Sources */,
				79DE558E28CB68780052C819 /* UIColor+Extension.swift in Sources */,
				79DE55B128CB88BC0052C819 /* BaseNavigationController.swift in Sources */,
				663D34F328C8AF8400933775 /* ViewController.swift in Sources */,
				662E6CAA28CBA7CF0060CFAF /* PaddingLabel.swift in Sources */,
				79DE559F28CB6B5A0052C819 /* Request.swift in Sources */,
				79DE55AB28CB6DA30052C819 /* ActivityCell.swift in Sources */,
				79DE55A528CB6B830052C819 /* ActivityRepository.swift in Sources */,
				663D34EF28C8AF8400933775 /* AppDelegate.swift in Sources */,
				79DE559528CB6A3E0052C819 /* ActivityViewModel.swift in Sources */,
				79DE55AE28CB888F0052C819 /* HomeTabBarController.swift in Sources */,
				663D350B28C8B2F100933775 /* LoginViewController.swift in Sources */,
				79DE559B28CB6B3A0052C819 /* APIManager.swift in Sources */,
				79DE559D28CB6B460052C819 /* RequestData.swift in Sources */,
				663D34F128C8AF8400933775 /* SceneDelegate.swift in Sources */,
				66686B4728CA0BF9000C53BA /* SuggestionsViewController.swift in Sources */,
			);
			runOnlyForDeploymentPostprocessing = 0;
		};
/* End PBXSourcesBuildPhase section */

/* Begin PBXVariantGroup section */
		663D34F428C8AF8400933775 /* Main.storyboard */ = {
			isa = PBXVariantGroup;
			children = (
				663D34F528C8AF8400933775 /* Base */,
			);
			name = Main.storyboard;
			sourceTree = "<group>";
		};
		663D34F928C8AF8500933775 /* LaunchScreen.storyboard */ = {
			isa = PBXVariantGroup;
			children = (
				663D34FA28C8AF8500933775 /* Base */,
			);
			name = LaunchScreen.storyboard;
			sourceTree = "<group>";
		};
/* End PBXVariantGroup section */

/* Begin XCBuildConfiguration section */
		663D34FD28C8AF8500933775 /* Debug */ = {
			isa = XCBuildConfiguration;
			buildSettings = {
				ALWAYS_SEARCH_USER_PATHS = NO;
				CLANG_ANALYZER_NONNULL = YES;
				CLANG_ANALYZER_NUMBER_OBJECT_CONVERSION = YES_AGGRESSIVE;
				CLANG_CXX_LANGUAGE_STANDARD = "gnu++17";
				CLANG_ENABLE_MODULES = YES;
				CLANG_ENABLE_OBJC_ARC = YES;
				CLANG_ENABLE_OBJC_WEAK = YES;
				CLANG_WARN_BLOCK_CAPTURE_AUTORELEASING = YES;
				CLANG_WARN_BOOL_CONVERSION = YES;
				CLANG_WARN_COMMA = YES;
				CLANG_WARN_CONSTANT_CONVERSION = YES;
				CLANG_WARN_DEPRECATED_OBJC_IMPLEMENTATIONS = YES;
				CLANG_WARN_DIRECT_OBJC_ISA_USAGE = YES_ERROR;
				CLANG_WARN_DOCUMENTATION_COMMENTS = YES;
				CLANG_WARN_EMPTY_BODY = YES;
				CLANG_WARN_ENUM_CONVERSION = YES;
				CLANG_WARN_INFINITE_RECURSION = YES;
				CLANG_WARN_INT_CONVERSION = YES;
				CLANG_WARN_NON_LITERAL_NULL_CONVERSION = YES;
				CLANG_WARN_OBJC_IMPLICIT_RETAIN_SELF = YES;
				CLANG_WARN_OBJC_LITERAL_CONVERSION = YES;
				CLANG_WARN_OBJC_ROOT_CLASS = YES_ERROR;
				CLANG_WARN_QUOTED_INCLUDE_IN_FRAMEWORK_HEADER = YES;
				CLANG_WARN_RANGE_LOOP_ANALYSIS = YES;
				CLANG_WARN_STRICT_PROTOTYPES = YES;
				CLANG_WARN_SUSPICIOUS_MOVE = YES;
				CLANG_WARN_UNGUARDED_AVAILABILITY = YES_AGGRESSIVE;
				CLANG_WARN_UNREACHABLE_CODE = YES;
				CLANG_WARN__DUPLICATE_METHOD_MATCH = YES;
				COPY_PHASE_STRIP = NO;
				DEBUG_INFORMATION_FORMAT = dwarf;
				ENABLE_STRICT_OBJC_MSGSEND = YES;
				ENABLE_TESTABILITY = YES;
				GCC_C_LANGUAGE_STANDARD = gnu11;
				GCC_DYNAMIC_NO_PIC = NO;
				GCC_NO_COMMON_BLOCKS = YES;
				GCC_OPTIMIZATION_LEVEL = 0;
				GCC_PREPROCESSOR_DEFINITIONS = (
					"DEBUG=1",
					"$(inherited)",
				);
				GCC_WARN_64_TO_32_BIT_CONVERSION = YES;
				GCC_WARN_ABOUT_RETURN_TYPE = YES_ERROR;
				GCC_WARN_UNDECLARED_SELECTOR = YES;
				GCC_WARN_UNINITIALIZED_AUTOS = YES_AGGRESSIVE;
				GCC_WARN_UNUSED_FUNCTION = YES;
				GCC_WARN_UNUSED_VARIABLE = YES;
				IPHONEOS_DEPLOYMENT_TARGET = 15.5;
				MTL_ENABLE_DEBUG_INFO = INCLUDE_SOURCE;
				MTL_FAST_MATH = YES;
				ONLY_ACTIVE_ARCH = YES;
				SDKROOT = iphoneos;
				SWIFT_ACTIVE_COMPILATION_CONDITIONS = DEBUG;
				SWIFT_OPTIMIZATION_LEVEL = "-Onone";
			};
			name = Debug;
		};
		663D34FE28C8AF8500933775 /* Release */ = {
			isa = XCBuildConfiguration;
			buildSettings = {
				ALWAYS_SEARCH_USER_PATHS = NO;
				CLANG_ANALYZER_NONNULL = YES;
				CLANG_ANALYZER_NUMBER_OBJECT_CONVERSION = YES_AGGRESSIVE;
				CLANG_CXX_LANGUAGE_STANDARD = "gnu++17";
				CLANG_ENABLE_MODULES = YES;
				CLANG_ENABLE_OBJC_ARC = YES;
				CLANG_ENABLE_OBJC_WEAK = YES;
				CLANG_WARN_BLOCK_CAPTURE_AUTORELEASING = YES;
				CLANG_WARN_BOOL_CONVERSION = YES;
				CLANG_WARN_COMMA = YES;
				CLANG_WARN_CONSTANT_CONVERSION = YES;
				CLANG_WARN_DEPRECATED_OBJC_IMPLEMENTATIONS = YES;
				CLANG_WARN_DIRECT_OBJC_ISA_USAGE = YES_ERROR;
				CLANG_WARN_DOCUMENTATION_COMMENTS = YES;
				CLANG_WARN_EMPTY_BODY = YES;
				CLANG_WARN_ENUM_CONVERSION = YES;
				CLANG_WARN_INFINITE_RECURSION = YES;
				CLANG_WARN_INT_CONVERSION = YES;
				CLANG_WARN_NON_LITERAL_NULL_CONVERSION = YES;
				CLANG_WARN_OBJC_IMPLICIT_RETAIN_SELF = YES;
				CLANG_WARN_OBJC_LITERAL_CONVERSION = YES;
				CLANG_WARN_OBJC_ROOT_CLASS = YES_ERROR;
				CLANG_WARN_QUOTED_INCLUDE_IN_FRAMEWORK_HEADER = YES;
				CLANG_WARN_RANGE_LOOP_ANALYSIS = YES;
				CLANG_WARN_STRICT_PROTOTYPES = YES;
				CLANG_WARN_SUSPICIOUS_MOVE = YES;
				CLANG_WARN_UNGUARDED_AVAILABILITY = YES_AGGRESSIVE;
				CLANG_WARN_UNREACHABLE_CODE = YES;
				CLANG_WARN__DUPLICATE_METHOD_MATCH = YES;
				COPY_PHASE_STRIP = NO;
				DEBUG_INFORMATION_FORMAT = "dwarf-with-dsym";
				ENABLE_NS_ASSERTIONS = NO;
				ENABLE_STRICT_OBJC_MSGSEND = YES;
				GCC_C_LANGUAGE_STANDARD = gnu11;
				GCC_NO_COMMON_BLOCKS = YES;
				GCC_WARN_64_TO_32_BIT_CONVERSION = YES;
				GCC_WARN_ABOUT_RETURN_TYPE = YES_ERROR;
				GCC_WARN_UNDECLARED_SELECTOR = YES;
				GCC_WARN_UNINITIALIZED_AUTOS = YES_AGGRESSIVE;
				GCC_WARN_UNUSED_FUNCTION = YES;
				GCC_WARN_UNUSED_VARIABLE = YES;
				IPHONEOS_DEPLOYMENT_TARGET = 15.5;
				MTL_ENABLE_DEBUG_INFO = NO;
				MTL_FAST_MATH = YES;
				SDKROOT = iphoneos;
				SWIFT_COMPILATION_MODE = wholemodule;
				SWIFT_OPTIMIZATION_LEVEL = "-O";
				VALIDATE_PRODUCT = YES;
			};
			name = Release;
		};
		663D350028C8AF8500933775 /* Debug */ = {
			isa = XCBuildConfiguration;
			baseConfigurationReference = 4799085C4A821542991C5437 /* Pods-Not Bored.debug.xcconfig */;
			buildSettings = {
				ASSETCATALOG_COMPILER_APPICON_NAME = AppIcon;
				ASSETCATALOG_COMPILER_GLOBAL_ACCENT_COLOR_NAME = AccentColor;
				CODE_SIGN_STYLE = Automatic;
				CURRENT_PROJECT_VERSION = 1;
				DEVELOPMENT_TEAM = DH6U58F734;
				GENERATE_INFOPLIST_FILE = YES;
				INFOPLIST_FILE = "Not Bored/Info.plist";
				INFOPLIST_KEY_UIApplicationSupportsIndirectInputEvents = YES;
				INFOPLIST_KEY_UILaunchStoryboardName = LaunchScreen;
				INFOPLIST_KEY_UIMainStoryboardFile = Main;
				INFOPLIST_KEY_UISupportedInterfaceOrientations_iPad = "UIInterfaceOrientationPortrait UIInterfaceOrientationPortraitUpsideDown UIInterfaceOrientationLandscapeLeft UIInterfaceOrientationLandscapeRight";
				INFOPLIST_KEY_UISupportedInterfaceOrientations_iPhone = "UIInterfaceOrientationPortrait UIInterfaceOrientationLandscapeLeft UIInterfaceOrientationLandscapeRight";
				LD_RUNPATH_SEARCH_PATHS = (
					"$(inherited)",
					"@executable_path/Frameworks",
				);
				MARKETING_VERSION = 1.0;
				PRODUCT_BUNDLE_IDENTIFIER = "com.fcamilletti.Not-Bored";
				PRODUCT_NAME = "$(TARGET_NAME)";
				SWIFT_EMIT_LOC_STRINGS = YES;
				SWIFT_VERSION = 5.0;
				TARGETED_DEVICE_FAMILY = "1,2";
			};
			name = Debug;
		};
		663D350128C8AF8500933775 /* Release */ = {
			isa = XCBuildConfiguration;
			baseConfigurationReference = 8AA7A49D1F40A6FD0A0CEF99 /* Pods-Not Bored.release.xcconfig */;
			buildSettings = {
				ASSETCATALOG_COMPILER_APPICON_NAME = AppIcon;
				ASSETCATALOG_COMPILER_GLOBAL_ACCENT_COLOR_NAME = AccentColor;
				CODE_SIGN_STYLE = Automatic;
				CURRENT_PROJECT_VERSION = 1;
				DEVELOPMENT_TEAM = DH6U58F734;
				GENERATE_INFOPLIST_FILE = YES;
				INFOPLIST_FILE = "Not Bored/Info.plist";
				INFOPLIST_KEY_UIApplicationSupportsIndirectInputEvents = YES;
				INFOPLIST_KEY_UILaunchStoryboardName = LaunchScreen;
				INFOPLIST_KEY_UIMainStoryboardFile = Main;
				INFOPLIST_KEY_UISupportedInterfaceOrientations_iPad = "UIInterfaceOrientationPortrait UIInterfaceOrientationPortraitUpsideDown UIInterfaceOrientationLandscapeLeft UIInterfaceOrientationLandscapeRight";
				INFOPLIST_KEY_UISupportedInterfaceOrientations_iPhone = "UIInterfaceOrientationPortrait UIInterfaceOrientationLandscapeLeft UIInterfaceOrientationLandscapeRight";
				LD_RUNPATH_SEARCH_PATHS = (
					"$(inherited)",
					"@executable_path/Frameworks",
				);
				MARKETING_VERSION = 1.0;
				PRODUCT_BUNDLE_IDENTIFIER = "com.fcamilletti.Not-Bored";
				PRODUCT_NAME = "$(TARGET_NAME)";
				SWIFT_EMIT_LOC_STRINGS = YES;
				SWIFT_VERSION = 5.0;
				TARGETED_DEVICE_FAMILY = "1,2";
			};
			name = Release;
		};
/* End XCBuildConfiguration section */

/* Begin XCConfigurationList section */
		663D34E628C8AF8400933775 /* Build configuration list for PBXProject "Not Bored" */ = {
			isa = XCConfigurationList;
			buildConfigurations = (
				663D34FD28C8AF8500933775 /* Debug */,
				663D34FE28C8AF8500933775 /* Release */,
			);
			defaultConfigurationIsVisible = 0;
			defaultConfigurationName = Release;
		};
		663D34FF28C8AF8500933775 /* Build configuration list for PBXNativeTarget "Not Bored" */ = {
			isa = XCConfigurationList;
			buildConfigurations = (
				663D350028C8AF8500933775 /* Debug */,
				663D350128C8AF8500933775 /* Release */,
			);
			defaultConfigurationIsVisible = 0;
			defaultConfigurationName = Release;
		};
/* End XCConfigurationList section */
	};
	rootObject = 663D34E328C8AF8400933775 /* Project object */;
}
